
Microsoft Visual Studio Solution File, Format Version 12.00
# Visual Studio 2013
VisualStudioVersion = 12.0.40629.0
MinimumVisualStudioVersion = 10.0.40219.1
Project("{8BC9CEB8-8B4A-11D0-8D11-00A0C91BC942}") = "HttpClient", "HttpClient\HttpClient.vcxproj", "{8CE60490-BE6C-4417-B101-C4D3F62E4B47}"
EndProject
Project("{8BC9CEB8-8B4A-11D0-8D11-00A0C91BC942}") = "ServiceManage", "ServiceManage\ServiceManage.vcxproj", "{0D8F65FC-91FF-48DC-88A3-F290C03488B2}"
EndProject
Project("{8BC9CEB8-8B4A-11D0-8D11-00A0C91BC942}") = "Log", "Log\Log.vcxproj", "{109E7A76-4911-4EC9-AF83-468E9C54A81A}"
EndProject
Project("{8BC9CEB8-8B4A-11D0-8D11-00A0C91BC942}") = "TestProductorConsumer", "TestProductorConsumer\TestProductorConsumer.vcxproj", "{4330F10E-D7B2-417A-AC44-E07A3A5900EF}"
EndProject
Project("{8BC9CEB8-8B4A-11D0-8D11-00A0C91BC942}") = "TestThread", "TestThread\TestThread.vcxproj", "{A918B908-D4FF-47BD-8FC7-5629470637E1}"
EndProject
Project("{8BC9CEB8-8B4A-11D0-8D11-00A0C91BC942}") = "CodeSecurity", "CodeSecurity\CodeSecurity.vcxproj", "{10167265-A4BA-47A7-AE3D-1373636B9A62}"
EndProject
Project("{8BC9CEB8-8B4A-11D0-8D11-00A0C91BC942}") = "Test", "Test\Test.vcxproj", "{7B833D8C-F114-499C-8B01-0EEBF84ED1EB}"
	ProjectSection(ProjectDependencies) = postProject
		{8B01DBF9-8C04-4983-A808-3BFB0064F19B} = {8B01DBF9-8C04-4983-A808-3BFB0064F19B}
	EndProjectSection
EndProject
Project("{8BC9CEB8-8B4A-11D0-8D11-00A0C91BC942}") = "Framework", "Framework.vcxproj", "{8B01DBF9-8C04-4983-A808-3BFB0064F19B}"
EndProject
Global
	GlobalSection(SolutionConfigurationPlatforms) = preSolution
		Debug|Win32 = Debug|Win32
		Debug|x64 = Debug|x64
		Release|Win32 = Release|Win32
		Release|x64 = Release|x64
	EndGlobalSection
	GlobalSection(ProjectConfigurationPlatforms) = postSolution
		{8CE60490-BE6C-4417-B101-C4D3F62E4B47}.Debug|Win32.ActiveCfg = Debug|Win32
		{8CE60490-BE6C-4417-B101-C4D3F62E4B47}.Debug|Win32.Build.0 = Debug|Win32
		{8CE60490-BE6C-4417-B101-C4D3F62E4B47}.Debug|x64.ActiveCfg = Debug|Win32
		{8CE60490-BE6C-4417-B101-C4D3F62E4B47}.Release|Win32.ActiveCfg = Release|Win32
		{8CE60490-BE6C-4417-B101-C4D3F62E4B47}.Release|Win32.Build.0 = Release|Win32
		{8CE60490-BE6C-4417-B101-C4D3F62E4B47}.Release|x64.ActiveCfg = Release|Win32
		{0D8F65FC-91FF-48DC-88A3-F290C03488B2}.Debug|Win32.ActiveCfg = Debug|Win32
		{0D8F65FC-91FF-48DC-88A3-F290C03488B2}.Debug|Win32.Build.0 = Debug|Win32
		{0D8F65FC-91FF-48DC-88A3-F290C03488B2}.Debug|x64.ActiveCfg = Debug|Win32
		{0D8F65FC-91FF-48DC-88A3-F290C03488B2}.Release|Win32.ActiveCfg = Release|Win32
		{0D8F65FC-91FF-48DC-88A3-F290C03488B2}.Release|Win32.Build.0 = Release|Win32
		{0D8F65FC-91FF-48DC-88A3-F290C03488B2}.Release|x64.ActiveCfg = Release|Win32
		{109E7A76-4911-4EC9-AF83-468E9C54A81A}.Debug|Win32.ActiveCfg = Debug|Win32
		{109E7A76-4911-4EC9-AF83-468E9C54A81A}.Debug|Win32.Build.0 = Debug|Win32
		{109E7A76-4911-4EC9-AF83-468E9C54A81A}.Debug|x64.ActiveCfg = Debug|Win32
		{109E7A76-4911-4EC9-AF83-468E9C54A81A}.Release|Win32.ActiveCfg = Release|Win32
		{109E7A76-4911-4EC9-AF83-468E9C54A81A}.Release|Win32.Build.0 = Release|Win32
		{109E7A76-4911-4EC9-AF83-468E9C54A81A}.Release|x64.ActiveCfg = Release|Win32
		{4330F10E-D7B2-417A-AC44-E07A3A5900EF}.Debug|Win32.ActiveCfg = Debug|Win32
		{4330F10E-D7B2-417A-AC44-E07A3A5900EF}.Debug|Win32.Build.0 = Debug|Win32
		{4330F10E-D7B2-417A-AC44-E07A3A5900EF}.Debug|x64.ActiveCfg = Debug|Win32
		{4330F10E-D7B2-417A-AC44-E07A3A5900EF}.Release|Win32.ActiveCfg = Release|Win32
		{4330F10E-D7B2-417A-AC44-E07A3A5900EF}.Release|Win32.Build.0 = Release|Win32
		{4330F10E-D7B2-417A-AC44-E07A3A5900EF}.Release|x64.ActiveCfg = Release|Win32
		{A918B908-D4FF-47BD-8FC7-5629470637E1}.Debug|Win32.ActiveCfg = Debug|Win32
		{A918B908-D4FF-47BD-8FC7-5629470637E1}.Debug|Win32.Build.0 = Debug|Win32
		{A918B908-D4FF-47BD-8FC7-5629470637E1}.Debug|x64.ActiveCfg = Debug|x64
		{A918B908-D4FF-47BD-8FC7-5629470637E1}.Debug|x64.Build.0 = Debug|x64
		{A918B908-D4FF-47BD-8FC7-5629470637E1}.Release|Win32.ActiveCfg = Release|Win32
		{A918B908-D4FF-47BD-8FC7-5629470637E1}.Release|Win32.Build.0 = Release|Win32
		{A918B908-D4FF-47BD-8FC7-5629470637E1}.Release|x64.ActiveCfg = Release|x64
		{A918B908-D4FF-47BD-8FC7-5629470637E1}.Release|x64.Build.0 = Release|x64
		{10167265-A4BA-47A7-AE3D-1373636B9A62}.Debug|Win32.ActiveCfg = Debug|Win32
		{10167265-A4BA-47A7-AE3D-1373636B9A62}.Debug|Win32.Build.0 = Debug|Win32
		{10167265-A4BA-47A7-AE3D-1373636B9A62}.Debug|x64.ActiveCfg = Debug|Win32
		{10167265-A4BA-47A7-AE3D-1373636B9A62}.Release|Win32.ActiveCfg = Release|Win32
		{10167265-A4BA-47A7-AE3D-1373636B9A62}.Release|Win32.Build.0 = Release|Win32
		{10167265-A4BA-47A7-AE3D-1373636B9A62}.Release|x64.ActiveCfg = Release|Win32
		{7B833D8C-F114-499C-8B01-0EEBF84ED1EB}.Debug|Win32.ActiveCfg = Debug|Win32
		{7B833D8C-F114-499C-8B01-0EEBF84ED1EB}.Debug|Win32.Build.0 = Debug|Win32
		{7B833D8C-F114-499C-8B01-0EEBF84ED1EB}.Debug|x64.ActiveCfg = Debug|Win32
		{7B833D8C-F114-499C-8B01-0EEBF84ED1EB}.Release|Win32.ActiveCfg = Release|Win32
		{7B833D8C-F114-499C-8B01-0EEBF84ED1EB}.Release|Win32.Build.0 = Release|Win32
		{7B833D8C-F114-499C-8B01-0EEBF84ED1EB}.Release|x64.ActiveCfg = Release|Win32
		{8B01DBF9-8C04-4983-A808-3BFB0064F19B}.Debug|Win32.ActiveCfg = Debug|Win32
		{8B01DBF9-8C04-4983-A808-3BFB0064F19B}.Debug|Win32.Build.0 = Debug|Win32
		{8B01DBF9-8C04-4983-A808-3BFB0064F19B}.Debug|x64.ActiveCfg = Debug|Win32
		{8B01DBF9-8C04-4983-A808-3BFB0064F19B}.Release|Win32.ActiveCfg = Release|Win32
		{8B01DBF9-8C04-4983-A808-3BFB0064F19B}.Release|Win32.Build.0 = Release|Win32
		{8B01DBF9-8C04-4983-A808-3BFB0064F19B}.Release|x64.ActiveCfg = Release|Win32
	EndGlobalSection
	GlobalSection(SolutionProperties) = preSolution
		HideSolutionNode = FALSE
	EndGlobalSection
	GlobalSection(ExtensibilityGlobals) = postSolution
		SolutionGuid = {F7302FEE-1A00-453A-8D12-D5D2A36F774C}
	EndGlobalSection
EndGlobal
