
Microsoft Visual Studio Solution File, Format Version 12.00
# Visual Studio 14
VisualStudioVersion = 14.0.25420.1
MinimumVisualStudioVersion = 10.0.40219.1
Project("{8BC9CEB8-8B4A-11D0-8D11-00A0C91BC942}") = "Framework", "Framework.vcxproj", "{67D17D37-8BB0-45B5-B450-BC92C821394E}"
EndProject
Project("{8BC9CEB8-8B4A-11D0-8D11-00A0C91BC942}") = "HttpClient", "HttpClient\HttpClient.vcxproj", "{8CE60490-BE6C-4417-B101-C4D3F62E4B47}"
EndProject
Project("{8BC9CEB8-8B4A-11D0-8D11-00A0C91BC942}") = "MD5", "MD5\MD5.vcxproj", "{50B64D60-CAC5-48F2-BE36-5ADA2ADC0BE7}"
EndProject
Project("{8BC9CEB8-8B4A-11D0-8D11-00A0C91BC942}") = "ServiceManage", "ServiceManage\ServiceManage.vcxproj", "{0D8F65FC-91FF-48DC-88A3-F290C03488B2}"
EndProject
Project("{8BC9CEB8-8B4A-11D0-8D11-00A0C91BC942}") = "Log", "Log\Log.vcxproj", "{109E7A76-4911-4EC9-AF83-468E9C54A81A}"
EndProject
Project("{8BC9CEB8-8B4A-11D0-8D11-00A0C91BC942}") = "TestProductorConsumer", "TestProductorConsumer\TestProductorConsumer.vcxproj", "{4330F10E-D7B2-417A-AC44-E07A3A5900EF}"
EndProject
Global
	GlobalSection(SolutionConfigurationPlatforms) = preSolution
		Debug|Win32 = Debug|Win32
		Debug|x64 = Debug|x64
		Release|Win32 = Release|Win32
		Release|x64 = Release|x64
	EndGlobalSection
	GlobalSection(ProjectConfigurationPlatforms) = postSolution
		{67D17D37-8BB0-45B5-B450-BC92C821394E}.Debug|Win32.ActiveCfg = Debug|Win32
		{67D17D37-8BB0-45B5-B450-BC92C821394E}.Debug|Win32.Build.0 = Debug|Win32
		{67D17D37-8BB0-45B5-B450-BC92C821394E}.Debug|x64.ActiveCfg = Debug|x64
		{67D17D37-8BB0-45B5-B450-BC92C821394E}.Debug|x64.Build.0 = Debug|x64
		{67D17D37-8BB0-45B5-B450-BC92C821394E}.Release|Win32.ActiveCfg = Release|Win32
		{67D17D37-8BB0-45B5-B450-BC92C821394E}.Release|Win32.Build.0 = Release|Win32
		{67D17D37-8BB0-45B5-B450-BC92C821394E}.Release|x64.ActiveCfg = Release|x64
		{67D17D37-8BB0-45B5-B450-BC92C821394E}.Release|x64.Build.0 = Release|x64
		{8CE60490-BE6C-4417-B101-C4D3F62E4B47}.Debug|Win32.ActiveCfg = Debug|Win32
		{8CE60490-BE6C-4417-B101-C4D3F62E4B47}.Debug|Win32.Build.0 = Debug|Win32
		{8CE60490-BE6C-4417-B101-C4D3F62E4B47}.Debug|x64.ActiveCfg = Debug|Win32
		{8CE60490-BE6C-4417-B101-C4D3F62E4B47}.Release|Win32.ActiveCfg = Release|Win32
		{8CE60490-BE6C-4417-B101-C4D3F62E4B47}.Release|Win32.Build.0 = Release|Win32
		{8CE60490-BE6C-4417-B101-C4D3F62E4B47}.Release|x64.ActiveCfg = Release|Win32
		{50B64D60-CAC5-48F2-BE36-5ADA2ADC0BE7}.Debug|Win32.ActiveCfg = Debug|Win32
		{50B64D60-CAC5-48F2-BE36-5ADA2ADC0BE7}.Debug|Win32.Build.0 = Debug|Win32
		{50B64D60-CAC5-48F2-BE36-5ADA2ADC0BE7}.Debug|x64.ActiveCfg = Debug|Win32
		{50B64D60-CAC5-48F2-BE36-5ADA2ADC0BE7}.Release|Win32.ActiveCfg = Release|Win32
		{50B64D60-CAC5-48F2-BE36-5ADA2ADC0BE7}.Release|Win32.Build.0 = Release|Win32
		{50B64D60-CAC5-48F2-BE36-5ADA2ADC0BE7}.Release|x64.ActiveCfg = Release|Win32
		{0D8F65FC-91FF-48DC-88A3-F290C03488B2}.Debug|Win32.ActiveCfg = Debug|Win32
		{0D8F65FC-91FF-48DC-88A3-F290C03488B2}.Debug|Win32.Build.0 = Debug|Win32
		{0D8F65FC-91FF-48DC-88A3-F290C03488B2}.Debug|x64.ActiveCfg = Debug|Win32
		{0D8F65FC-91FF-48DC-88A3-F290C03488B2}.Release|Win32.ActiveCfg = Release|Win32
		{0D8F65FC-91FF-48DC-88A3-F290C03488B2}.Release|Win32.Build.0 = Release|Win32
		{17AF5E01-140F-4340-A825-79D935CACAA7}.Debug|Win32.ActiveCfg = Debug|Win32
		{17AF5E01-140F-4340-A825-79D935CACAA7}.Debug|Win32.Build.0 = Debug|Win32
		{17AF5E01-140F-4340-A825-79D935CACAA7}.Release|Win32.ActiveCfg = Release|Win32
		{17AF5E01-140F-4340-A825-79D935CACAA7}.Release|Win32.Build.0 = Release|Win32
		{4330F10E-D7B2-417A-AC44-E07A3A5900EF}.Debug|Win32.ActiveCfg = Debug|Win32
		{4330F10E-D7B2-417A-AC44-E07A3A5900EF}.Debug|Win32.Build.0 = Debug|Win32
		{4330F10E-D7B2-417A-AC44-E07A3A5900EF}.Release|Win32.ActiveCfg = Release|Win32
		{4330F10E-D7B2-417A-AC44-E07A3A5900EF}.Release|Win32.Build.0 = Release|Win32
	EndGlobalSection
	GlobalSection(SolutionProperties) = preSolution
		HideSolutionNode = FALSE
	EndGlobalSection
EndGlobal
